
Microsoft Visual Studio Solution File, Format Version 12.00
# Visual Studio Version 16
VisualStudioVersion = 16.0.31410.357
MinimumVisualStudioVersion = 10.0.40219.1
Project("{FAE04EC0-301F-11D3-BF4B-00C04F79EFBC}") = "Fiap.Aula01.Exemplo01", "Fiap.Aula01.Exemplo01\Fiap.Aula01.Exemplo01.csproj", "{D017A92E-9C79-4340-94E2-41AA0F2F1BF9}"
EndProject
Project("{FAE04EC0-301F-11D3-BF4B-00C04F79EFBC}") = "CustoCarro", "CustoCarro\CustoCarro.csproj", "{2958E587-1575-4BAD-B03C-2AF883E667F0}"
EndProject
Project("{FAE04EC0-301F-11D3-BF4B-00C04F79EFBC}") = "ExercicioAula01If", "ExercicioAula01If\ExercicioAula01If.csproj", "{0FADC8C9-C3B4-4088-9B9C-62DC266124E5}"
EndProject
Project("{FAE04EC0-301F-11D3-BF4B-00C04F79EFBC}") = "ExemploWhile", "ExemploWhile\ExemploWhile.csproj", "{C67ECED9-BF70-48D2-A59E-6282E42F8B02}"
EndProject
Project("{FAE04EC0-301F-11D3-BF4B-00C04F79EFBC}") = "Fiap01.Exemplo02", "Fiap01Exemplo02\Fiap01.Exemplo02.csproj", "{95F17A9F-C2F6-4644-9167-5981F11B32BC}"
EndProject
Global
	GlobalSection(SolutionConfigurationPlatforms) = preSolution
		Debug|Any CPU = Debug|Any CPU
		Release|Any CPU = Release|Any CPU
	EndGlobalSection
	GlobalSection(ProjectConfigurationPlatforms) = postSolution
		{D017A92E-9C79-4340-94E2-41AA0F2F1BF9}.Debug|Any CPU.ActiveCfg = Debug|Any CPU
		{D017A92E-9C79-4340-94E2-41AA0F2F1BF9}.Debug|Any CPU.Build.0 = Debug|Any CPU
		{D017A92E-9C79-4340-94E2-41AA0F2F1BF9}.Release|Any CPU.ActiveCfg = Release|Any CPU
		{D017A92E-9C79-4340-94E2-41AA0F2F1BF9}.Release|Any CPU.Build.0 = Release|Any CPU
		{2958E587-1575-4BAD-B03C-2AF883E667F0}.Debug|Any CPU.ActiveCfg = Debug|Any CPU
		{2958E587-1575-4BAD-B03C-2AF883E667F0}.Debug|Any CPU.Build.0 = Debug|Any CPU
		{2958E587-1575-4BAD-B03C-2AF883E667F0}.Release|Any CPU.ActiveCfg = Release|Any CPU
		{2958E587-1575-4BAD-B03C-2AF883E667F0}.Release|Any CPU.Build.0 = Release|Any CPU
		{0FADC8C9-C3B4-4088-9B9C-62DC266124E5}.Debug|Any CPU.ActiveCfg = Debug|Any CPU
		{0FADC8C9-C3B4-4088-9B9C-62DC266124E5}.Debug|Any CPU.Build.0 = Debug|Any CPU
		{0FADC8C9-C3B4-4088-9B9C-62DC266124E5}.Release|Any CPU.ActiveCfg = Release|Any CPU
		{0FADC8C9-C3B4-4088-9B9C-62DC266124E5}.Release|Any CPU.Build.0 = Release|Any CPU
		{C67ECED9-BF70-48D2-A59E-6282E42F8B02}.Debug|Any CPU.ActiveCfg = Debug|Any CPU
		{C67ECED9-BF70-48D2-A59E-6282E42F8B02}.Debug|Any CPU.Build.0 = Debug|Any CPU
		{C67ECED9-BF70-48D2-A59E-6282E42F8B02}.Release|Any CPU.ActiveCfg = Release|Any CPU
		{C67ECED9-BF70-48D2-A59E-6282E42F8B02}.Release|Any CPU.Build.0 = Release|Any CPU
		{95F17A9F-C2F6-4644-9167-5981F11B32BC}.Debug|Any CPU.ActiveCfg = Debug|Any CPU
		{95F17A9F-C2F6-4644-9167-5981F11B32BC}.Debug|Any CPU.Build.0 = Debug|Any CPU
		{95F17A9F-C2F6-4644-9167-5981F11B32BC}.Release|Any CPU.ActiveCfg = Release|Any CPU
		{95F17A9F-C2F6-4644-9167-5981F11B32BC}.Release|Any CPU.Build.0 = Release|Any CPU
	EndGlobalSection
	GlobalSection(SolutionProperties) = preSolution
		HideSolutionNode = FALSE
	EndGlobalSection
	GlobalSection(ExtensibilityGlobals) = postSolution
		SolutionGuid = {F0CA884A-EE7A-4EA6-BDDB-680CFA7D2002}
	EndGlobalSection
EndGlobal
